// !$*UTF8*$!
{
	archiveVersion = 1;
	classes = {
	};
	objectVersion = 50;
	objects = {

/* Begin PBXBuildFile section */
		DCFBC60526660AB0000E3487 /* AppDelegate.swift in Sources */ = {isa = PBXBuildFile; fileRef = DCFBC60426660AB0000E3487 /* AppDelegate.swift */; };
		DCFBC60726660AB0000E3487 /* SceneDelegate.swift in Sources */ = {isa = PBXBuildFile; fileRef = DCFBC60626660AB0000E3487 /* SceneDelegate.swift */; };
		DCFBC60926660AB0000E3487 /* ViewController.swift in Sources */ = {isa = PBXBuildFile; fileRef = DCFBC60826660AB0000E3487 /* ViewController.swift */; };
		DCFBC60C26660AB0000E3487 /* Main.storyboard in Resources */ = {isa = PBXBuildFile; fileRef = DCFBC60A26660AB0000E3487 /* Main.storyboard */; };
		DCFBC60F26660AB0000E3487 /* IntroToRxSwift.xcdatamodeld in Sources */ = {isa = PBXBuildFile; fileRef = DCFBC60D26660AB0000E3487 /* IntroToRxSwift.xcdatamodeld */; };
		DCFBC61126660AB1000E3487 /* Assets.xcassets in Resources */ = {isa = PBXBuildFile; fileRef = DCFBC61026660AB1000E3487 /* Assets.xcassets */; };
		DCFBC61426660AB1000E3487 /* LaunchScreen.storyboard in Resources */ = {isa = PBXBuildFile; fileRef = DCFBC61226660AB1000E3487 /* LaunchScreen.storyboard */; };
/* End PBXBuildFile section */

/* Begin PBXFileReference section */
		DCFBC60126660AB0000E3487 /* IntroToRxSwift.app */ = {isa = PBXFileReference; explicitFileType = wrapper.application; includeInIndex = 0; path = IntroToRxSwift.app; sourceTree = BUILT_PRODUCTS_DIR; };
		DCFBC60426660AB0000E3487 /* AppDelegate.swift */ = {isa = PBXFileReference; lastKnownFileType = sourcecode.swift; path = AppDelegate.swift; sourceTree = "<group>"; };
		DCFBC60626660AB0000E3487 /* SceneDelegate.swift */ = {isa = PBXFileReference; lastKnownFileType = sourcecode.swift; path = SceneDelegate.swift; sourceTree = "<group>"; };
		DCFBC60826660AB0000E3487 /* ViewController.swift */ = {isa = PBXFileReference; lastKnownFileType = sourcecode.swift; path = ViewController.swift; sourceTree = "<group>"; };
		DCFBC60B26660AB0000E3487 /* Base */ = {isa = PBXFileReference; lastKnownFileType = file.storyboard; name = Base; path = Base.lproj/Main.storyboard; sourceTree = "<group>"; };
		DCFBC60E26660AB0000E3487 /* IntroToRxSwift.xcdatamodel */ = {isa = PBXFileReference; lastKnownFileType = wrapper.xcdatamodel; path = IntroToRxSwift.xcdatamodel; sourceTree = "<group>"; };
		DCFBC61026660AB1000E3487 /* Assets.xcassets */ = {isa = PBXFileReference; lastKnownFileType = folder.assetcatalog; path = Assets.xcassets; sourceTree = "<group>"; };
		DCFBC61326660AB1000E3487 /* Base */ = {isa = PBXFileReference; lastKnownFileType = file.storyboard; name = Base; path = Base.lproj/LaunchScreen.storyboard; sourceTree = "<group>"; };
		DCFBC61526660AB1000E3487 /* Info.plist */ = {isa = PBXFileReference; lastKnownFileType = text.plist.xml; path = Info.plist; sourceTree = "<group>"; };
/* End PBXFileReference section */

/* Begin PBXFrameworksBuildPhase section */
		DCFBC5FE26660AB0000E3487 /* Frameworks */ = {
			isa = PBXFrameworksBuildPhase;
			buildActionMask = 2147483647;
			files = (
			);
			runOnlyForDeploymentPostprocessing = 0;
		};
/* End PBXFrameworksBuildPhase section */

/* Begin PBXGroup section */
		DCFBC5F826660AB0000E3487 = {
			isa = PBXGroup;
			children = (
				DCFBC60326660AB0000E3487 /* IntroToRxSwift */,
				DCFBC60226660AB0000E3487 /* Products */,
			);
			sourceTree = "<group>";
		};
		DCFBC60226660AB0000E3487 /* Products */ = {
			isa = PBXGroup;
			children = (
				DCFBC60126660AB0000E3487 /* IntroToRxSwift.app */,
			);
			name = Products;
			sourceTree = "<group>";
		};
		DCFBC60326660AB0000E3487 /* IntroToRxSwift */ = {
			isa = PBXGroup;
			children = (
				DCFBC60426660AB0000E3487 /* AppDelegate.swift */,
				DCFBC60626660AB0000E3487 /* SceneDelegate.swift */,
				DCFBC60826660AB0000E3487 /* ViewController.swift */,
				DCFBC60A26660AB0000E3487 /* Main.storyboard */,
				DCFBC61026660AB1000E3487 /* Assets.xcassets */,
				DCFBC61226660AB1000E3487 /* LaunchScreen.storyboard */,
				DCFBC61526660AB1000E3487 /* Info.plist */,
				DCFBC60D26660AB0000E3487 /* IntroToRxSwift.xcdatamodeld */,
			);
			path = IntroToRxSwift;
			sourceTree = "<group>";
		};
/* End PBXGroup section */

/* Begin PBXNativeTarget section */
		DCFBC60026660AB0000E3487 /* IntroToRxSwift */ = {
			isa = PBXNativeTarget;
			buildConfigurationList = DCFBC61826660AB1000E3487 /* Build configuration list for PBXNativeTarget "IntroToRxSwift" */;
			buildPhases = (
				DCFBC5FD26660AB0000E3487 /* Sources */,
				DCFBC5FE26660AB0000E3487 /* Frameworks */,
				DCFBC5FF26660AB0000E3487 /* Resources */,
			);
			buildRules = (
			);
			dependencies = (
			);
			name = IntroToRxSwift;
			productName = IntroToRxSwift;
			productReference = DCFBC60126660AB0000E3487 /* IntroToRxSwift.app */;
			productType = "com.apple.product-type.application";
		};
/* End PBXNativeTarget section */

/* Begin PBXProject section */
		DCFBC5F926660AB0000E3487 /* Project object */ = {
			isa = PBXProject;
			attributes = {
				LastSwiftUpdateCheck = 1250;
				LastUpgradeCheck = 1250;
				TargetAttributes = {
					DCFBC60026660AB0000E3487 = {
						CreatedOnToolsVersion = 12.5;
					};
				};
			};
			buildConfigurationList = DCFBC5FC26660AB0000E3487 /* Build configuration list for PBXProject "IntroToRxSwift" */;
			compatibilityVersion = "Xcode 9.3";
			developmentRegion = en;
			hasScannedForEncodings = 0;
			knownRegions = (
				en,
				Base,
			);
			mainGroup = DCFBC5F826660AB0000E3487;
			productRefGroup = DCFBC60226660AB0000E3487 /* Products */;
			projectDirPath = "";
			projectRoot = "";
			targets = (
				DCFBC60026660AB0000E3487 /* IntroToRxSwift */,
			);
		};
/* End PBXProject section */

/* Begin PBXResourcesBuildPhase section */
		DCFBC5FF26660AB0000E3487 /* Resources */ = {
			isa = PBXResourcesBuildPhase;
			buildActionMask = 2147483647;
			files = (
				DCFBC61426660AB1000E3487 /* LaunchScreen.storyboard in Resources */,
				DCFBC61126660AB1000E3487 /* Assets.xcassets in Resources */,
				DCFBC60C26660AB0000E3487 /* Main.storyboard in Resources */,
			);
			runOnlyForDeploymentPostprocessing = 0;
		};
/* End PBXResourcesBuildPhase section */

/* Begin PBXSourcesBuildPhase section */
		DCFBC5FD26660AB0000E3487 /* Sources */ = {
			isa = PBXSourcesBuildPhase;
			buildActionMask = 2147483647;
			files = (
				DCFBC60926660AB0000E3487 /* ViewController.swift in Sources */,
				DCFBC60F26660AB0000E3487 /* IntroToRxSwift.xcdatamodeld in Sources */,
				DCFBC60526660AB0000E3487 /* AppDelegate.swift in Sources */,
				DCFBC60726660AB0000E3487 /* SceneDelegate.swift in Sources */,
			);
			runOnlyForDeploymentPostprocessing = 0;
		};
/* End PBXSourcesBuildPhase section */

/* Begin PBXVariantGroup section */
		DCFBC60A26660AB0000E3487 /* Main.storyboard */ = {
			isa = PBXVariantGroup;
			children = (
				DCFBC60B26660AB0000E3487 /* Base */,
			);
			name = Main.storyboard;
			sourceTree = "<group>";
		};
		DCFBC61226660AB1000E3487 /* LaunchScreen.storyboard */ = {
			isa = PBXVariantGroup;
			children = (
				DCFBC61326660AB1000E3487 /* Base */,
			);
			name = LaunchScreen.storyboard;
			sourceTree = "<group>";
		};
/* End PBXVariantGroup section */

/* Begin XCBuildConfiguration section */
		DCFBC61626660AB1000E3487 /* Debug */ = {
			isa = XCBuildConfiguration;
			buildSettings = {
				ALWAYS_SEARCH_USER_PATHS = NO;
				CLANG_ANALYZER_NONNULL = YES;
				CLANG_ANALYZER_NUMBER_OBJECT_CONVERSION = YES_AGGRESSIVE;
				CLANG_CXX_LANGUAGE_STANDARD = "gnu++14";
				CLANG_CXX_LIBRARY = "libc++";
				CLANG_ENABLE_MODULES = YES;
				CLANG_ENABLE_OBJC_ARC = YES;
				CLANG_ENABLE_OBJC_WEAK = YES;
				CLANG_WARN_BLOCK_CAPTURE_AUTORELEASING = YES;
				CLANG_WARN_BOOL_CONVERSION = YES;
				CLANG_WARN_COMMA = YES;
				CLANG_WARN_CONSTANT_CONVERSION = YES;
				CLANG_WARN_DEPRECATED_OBJC_IMPLEMENTATIONS = YES;
				CLANG_WARN_DIRECT_OBJC_ISA_USAGE = YES_ERROR;
				CLANG_WARN_DOCUMENTATION_COMMENTS = YES;
				CLANG_WARN_EMPTY_BODY = YES;
				CLANG_WARN_ENUM_CONVERSION = YES;
				CLANG_WARN_INFINITE_RECURSION = YES;
				CLANG_WARN_INT_CONVERSION = YES;
				CLANG_WARN_NON_LITERAL_NULL_CONVERSION = YES;
				CLANG_WARN_OBJC_IMPLICIT_RETAIN_SELF = YES;
				CLANG_WARN_OBJC_LITERAL_CONVERSION = YES;
				CLANG_WARN_OBJC_ROOT_CLASS = YES_ERROR;
				CLANG_WARN_QUOTED_INCLUDE_IN_FRAMEWORK_HEADER = YES;
				CLANG_WARN_RANGE_LOOP_ANALYSIS = YES;
				CLANG_WARN_STRICT_PROTOTYPES = YES;
				CLANG_WARN_SUSPICIOUS_MOVE = YES;
				CLANG_WARN_UNGUARDED_AVAILABILITY = YES_AGGRESSIVE;
				CLANG_WARN_UNREACHABLE_CODE = YES;
				CLANG_WARN__DUPLICATE_METHOD_MATCH = YES;
				COPY_PHASE_STRIP = NO;
				DEBUG_INFORMATION_FORMAT = dwarf;
				ENABLE_STRICT_OBJC_MSGSEND = YES;
				ENABLE_TESTABILITY = YES;
				GCC_C_LANGUAGE_STANDARD = gnu11;
				GCC_DYNAMIC_NO_PIC = NO;
				GCC_NO_COMMON_BLOCKS = YES;
				GCC_OPTIMIZATION_LEVEL = 0;
				GCC_PREPROCESSOR_DEFINITIONS = (
					"DEBUG=1",
					"$(inherited)",
				);
				GCC_WARN_64_TO_32_BIT_CONVERSION = YES;
				GCC_WARN_ABOUT_RETURN_TYPE = YES_ERROR;
				GCC_WARN_UNDECLARED_SELECTOR = YES;
				GCC_WARN_UNINITIALIZED_AUTOS = YES_AGGRESSIVE;
				GCC_WARN_UNUSED_FUNCTION = YES;
				GCC_WARN_UNUSED_VARIABLE = YES;
				IPHONEOS_DEPLOYMENT_TARGET = 14.5;
				MTL_ENABLE_DEBUG_INFO = INCLUDE_SOURCE;
				MTL_FAST_MATH = YES;
				ONLY_ACTIVE_ARCH = YES;
				SDKROOT = iphoneos;
				SWIFT_ACTIVE_COMPILATION_CONDITIONS = DEBUG;
				SWIFT_OPTIMIZATION_LEVEL = "-Onone";
			};
			name = Debug;
		};
		DCFBC61726660AB1000E3487 /* Release */ = {
			isa = XCBuildConfiguration;
			buildSettings = {
				ALWAYS_SEARCH_USER_PATHS = NO;
				CLANG_ANALYZER_NONNULL = YES;
				CLANG_ANALYZER_NUMBER_OBJECT_CONVERSION = YES_AGGRESSIVE;
				CLANG_CXX_LANGUAGE_STANDARD = "gnu++14";
				CLANG_CXX_LIBRARY = "libc++";
				CLANG_ENABLE_MODULES = YES;
				CLANG_ENABLE_OBJC_ARC = YES;
				CLANG_ENABLE_OBJC_WEAK = YES;
				CLANG_WARN_BLOCK_CAPTURE_AUTORELEASING = YES;
				CLANG_WARN_BOOL_CONVERSION = YES;
				CLANG_WARN_COMMA = YES;
				CLANG_WARN_CONSTANT_CONVERSION = YES;
				CLANG_WARN_DEPRECATED_OBJC_IMPLEMENTATIONS = YES;
				CLANG_WARN_DIRECT_OBJC_ISA_USAGE = YES_ERROR;
				CLANG_WARN_DOCUMENTATION_COMMENTS = YES;
				CLANG_WARN_EMPTY_BODY = YES;
				CLANG_WARN_ENUM_CONVERSION = YES;
				CLANG_WARN_INFINITE_RECURSION = YES;
				CLANG_WARN_INT_CONVERSION = YES;
				CLANG_WARN_NON_LITERAL_NULL_CONVERSION = YES;
				CLANG_WARN_OBJC_IMPLICIT_RETAIN_SELF = YES;
				CLANG_WARN_OBJC_LITERAL_CONVERSION = YES;
				CLANG_WARN_OBJC_ROOT_CLASS = YES_ERROR;
				CLANG_WARN_QUOTED_INCLUDE_IN_FRAMEWORK_HEADER = YES;
				CLANG_WARN_RANGE_LOOP_ANALYSIS = YES;
				CLANG_WARN_STRICT_PROTOTYPES = YES;
				CLANG_WARN_SUSPICIOUS_MOVE = YES;
				CLANG_WARN_UNGUARDED_AVAILABILITY = YES_AGGRESSIVE;
				CLANG_WARN_UNREACHABLE_CODE = YES;
				CLANG_WARN__DUPLICATE_METHOD_MATCH = YES;
				COPY_PHASE_STRIP = NO;
				DEBUG_INFORMATION_FORMAT = "dwarf-with-dsym";
				ENABLE_NS_ASSERTIONS = NO;
				ENABLE_STRICT_OBJC_MSGSEND = YES;
				GCC_C_LANGUAGE_STANDARD = gnu11;
				GCC_NO_COMMON_BLOCKS = YES;
				GCC_WARN_64_TO_32_BIT_CONVERSION = YES;
				GCC_WARN_ABOUT_RETURN_TYPE = YES_ERROR;
				GCC_WARN_UNDECLARED_SELECTOR = YES;
				GCC_WARN_UNINITIALIZED_AUTOS = YES_AGGRESSIVE;
				GCC_WARN_UNUSED_FUNCTION = YES;
				GCC_WARN_UNUSED_VARIABLE = YES;
				IPHONEOS_DEPLOYMENT_TARGET = 14.5;
				MTL_ENABLE_DEBUG_INFO = NO;
				MTL_FAST_MATH = YES;
				SDKROOT = iphoneos;
				SWIFT_COMPILATION_MODE = wholemodule;
				SWIFT_OPTIMIZATION_LEVEL = "-O";
				VALIDATE_PRODUCT = YES;
			};
			name = Release;
		};
		DCFBC61926660AB1000E3487 /* Debug */ = {
			isa = XCBuildConfiguration;
			buildSettings = {
				ASSETCATALOG_COMPILER_APPICON_NAME = AppIcon;
				ASSETCATALOG_COMPILER_GLOBAL_ACCENT_COLOR_NAME = AccentColor;
				CODE_SIGN_STYLE = Automatic;
				DEVELOPMENT_TEAM = WMTRUPBUMP;
				INFOPLIST_FILE = IntroToRxSwift/Info.plist;
				LD_RUNPATH_SEARCH_PATHS = (
					"$(inherited)",
					"@executable_path/Frameworks",
				);
				PRODUCT_BUNDLE_IDENTIFIER = com.erdoganturpcu.IntroToRxSwift;
				PRODUCT_NAME = "$(TARGET_NAME)";
				SWIFT_VERSION = 5.0;
				TARGETED_DEVICE_FAMILY = "1,2";
			};
			name = Debug;
		};
		DCFBC61A26660AB1000E3487 /* Release */ = {
			isa = XCBuildConfiguration;
			buildSettings = {
				ASSETCATALOG_COMPILER_APPICON_NAME = AppIcon;
				ASSETCATALOG_COMPILER_GLOBAL_ACCENT_COLOR_NAME = AccentColor;
				CODE_SIGN_STYLE = Automatic;
				DEVELOPMENT_TEAM = WMTRUPBUMP;
				INFOPLIST_FILE = IntroToRxSwift/Info.plist;
				LD_RUNPATH_SEARCH_PATHS = (
					"$(inherited)",
					"@executable_path/Frameworks",
				);
				PRODUCT_BUNDLE_IDENTIFIER = com.erdoganturpcu.IntroToRxSwift;
				PRODUCT_NAME = "$(TARGET_NAME)";
				SWIFT_VERSION = 5.0;
				TARGETED_DEVICE_FAMILY = "1,2";
			};
			name = Release;
		};
/* End XCBuildConfiguration section */

/* Begin XCConfigurationList section */
		DCFBC5FC26660AB0000E3487 /* Build configuration list for PBXProject "IntroToRxSwift" */ = {
			isa = XCConfigurationList;
			buildConfigurations = (
				DCFBC61626660AB1000E3487 /* Debug */,
				DCFBC61726660AB1000E3487 /* Release */,
			);
			defaultConfigurationIsVisible = 0;
			defaultConfigurationName = Release;
		};
		DCFBC61826660AB1000E3487 /* Build configuration list for PBXNativeTarget "IntroToRxSwift" */ = {
			isa = XCConfigurationList;
			buildConfigurations = (
				DCFBC61926660AB1000E3487 /* Debug */,
				DCFBC61A26660AB1000E3487 /* Release */,
			);
			defaultConfigurationIsVisible = 0;
			defaultConfigurationName = Release;
		};
/* End XCConfigurationList section */

/* Begin XCVersionGroup section */
		DCFBC60D26660AB0000E3487 /* IntroToRxSwift.xcdatamodeld */ = {
			isa = XCVersionGroup;
			children = (
				DCFBC60E26660AB0000E3487 /* IntroToRxSwift.xcdatamodel */,
			);
			currentVersion = DCFBC60E26660AB0000E3487 /* IntroToRxSwift.xcdatamodel */;
			path = IntroToRxSwift.xcdatamodeld;
			sourceTree = "<group>";
			versionGroupType = wrapper.xcdatamodel;
		};
/* End XCVersionGroup section */
	};
	rootObject = DCFBC5F926660AB0000E3487 /* Project object */;
}
